
Microsoft Visual Studio Solution File, Format Version 12.00
# Visual Studio Version 17
VisualStudioVersion = 17.3.32825.248
MinimumVisualStudioVersion = 10.0.40219.1
Project("{9A19103F-16F7-4668-BE54-9A1E7A4F7556}") = "GODDAMN", "GODDAMN\GODDAMN.csproj", "{C2D345D9-A8AD-43F8-81DF-9C0135BB1F37}"
EndProject
Global
	GlobalSection(SolutionConfigurationPlatforms) = preSolution
		Debug|Any CPU = Debug|Any CPU
		Release|Any CPU = Release|Any CPU
	EndGlobalSection
	GlobalSection(ProjectConfigurationPlatforms) = postSolution
		{C2D345D9-A8AD-43F8-81DF-9C0135BB1F37}.Debug|Any CPU.ActiveCfg = Debug|Any CPU
		{C2D345D9-A8AD-43F8-81DF-9C0135BB1F37}.Debug|Any CPU.Build.0 = Debug|Any CPU
		{C2D345D9-A8AD-43F8-81DF-9C0135BB1F37}.Release|Any CPU.ActiveCfg = Release|Any CPU
		{C2D345D9-A8AD-43F8-81DF-9C0135BB1F37}.Release|Any CPU.Build.0 = Release|Any CPU
	EndGlobalSection
	GlobalSection(SolutionProperties) = preSolution
		HideSolutionNode = FALSE
	EndGlobalSection
	GlobalSection(ExtensibilityGlobals) = postSolution
		SolutionGuid = {CCB5E7C2-852D-4272-A606-F7D575E82240}
	EndGlobalSection
EndGlobal
